# THIS IS AN AUTOGENERATED FILE. DO NOT EDIT THIS FILE DIRECTLY.
# yarn lockfile v1


"@playwright/test@^1.55.1":
  version "1.59.1"
  resolved "https://registry.yarnpkg.com/@playwright/test/-/test-1.59.1.tgz#5c4d38eac84a61527af466602ae20277685a02d6"
  integrity sha512-PG6q63nQg5c9rIi4/Z5lR5IVF7yU5MqmKaPOe0HSc0O2cX1fPi96sUQu5j7eo4gKCkB2AnNGoWt7y4/Xx3Kcqg==
  dependencies:
    playwright "1.59.1"

"@types/node@^20.12.3":
  version "20.12.3"
  resolved "https://registry.yarnpkg.com/@types/node/-/node-20.12.3.tgz#d6658c2c7776c1cad93534bb45428195ed840c65"
  integrity sha512-sD+ia2ubTeWrOu+YMF+MTAB7E+O7qsMqAbMfW7DG3K1URwhZ5hN1pLlRVGbf4wDFzSfikL05M17EyorS86jShw==
  dependencies:
    undici-types "~5.26.4"

fsevents@2.3.2:
  version "2.3.2"
  resolved "https://registry.yarnpkg.com/fsevents/-/fsevents-2.3.2.tgz#8a526f78b8fdf4623b709e0b975c52c24c02fd1a"
  integrity sha512-xiqMQR4xAeHTuB9uWm+fFRcIOgKBMiOBP+eXiyT7jsgVCq1bkVygt00oASowB7EdtpOHaaPgKt812P9ab+DDKA==

playwright-core@1.55.1:
  version "1.55.1"
  resolved "https://registry.yarnpkg.com/playwright-core/-/playwright-core-1.55.1.tgz#5d3bb1846bc4289d364ea1a9dcb33f14545802e9"
  integrity sha512-Z6Mh9mkwX+zxSlHqdr5AOcJnfp+xUWLCt9uKV18fhzA8eyxUd8NUWzAjxUh55RZKSYwDGX0cfaySdhZJGMoJ+w==

playwright-core@1.59.1:
  version "1.59.1"
  resolved "https://registry.yarnpkg.com/playwright-core/-/playwright-core-1.59.1.tgz#d8a2b28bcb8f2bd08ef3df93b02ae83c813244b2"
  integrity sha512-HBV/RJg81z5BiiZ9yPzIiClYV/QMsDCKUyogwH9p3MCP6IYjUFu/MActgYAvK0oWyV9NlwM3GLBjADyWgydVyg==

playwright@1.59.1:
  version "1.59.1"
  resolved "https://registry.yarnpkg.com/playwright/-/playwright-1.59.1.tgz#f7b0ca61637ae25264cec370df671bbe1f368a4a"
  integrity sha512-C8oWjPR3F81yljW9o5OxcWzfh6avkVwDD2VYdwIGqTkl+OGFISgypqzfu7dOe4QNLL2aqcWBmI3PMtLIK233lw==
  dependencies:
    playwright-core "1.59.1"
  optionalDependencies:
    fsevents "2.3.2"

playwright@^1.55.1:
  version "1.55.1"
  resolved "https://registry.yarnpkg.com/playwright/-/playwright-1.55.1.tgz#8a9954e9e61ed1ab479212af9be336888f8b3f0e"
  integrity sha512-cJW4Xd/G3v5ovXtJJ52MAOclqeac9S/aGGgRzLabuF8TnIb6xHvMzKIa6JmrRzUkeXJgfL1MhukP0NK6l39h3A==
  dependencies:
    playwright-core "1.55.1"
  optionalDependencies:
    fsevents "2.3.2"

undici-types@~5.26.4:
  version "5.26.5"
  resolved "https://registry.yarnpkg.com/undici-types/-/undici-types-5.26.5.tgz#bcd539893d00b56e964fd2657a4866b221a65617"
  integrity sha512-JlCMO+ehdEIKqlFxk6IfVoAUVmgz7cU7zD/h9XZ0qzeosSHmUJVOzSQvvYSYWXkFXC+IfLKSIffhv0sVZup6pA==
